
Microsoft Visual Studio Solution File, Format Version 12.00
# Visual Studio Version 16
VisualStudioVersion = 16.0.30413.136
MinimumVisualStudioVersion = 10.0.40219.1
Project("{FAE04EC0-301F-11D3-BF4B-00C04F79EFBC}") = "WebApplicationCore", "WebApplicationCore\WebApplicationCore.csproj", "{812B5BEF-677D-44BF-B307-D5DEA1B50FE4}"
EndProject
Global
	GlobalSection(SolutionConfigurationPlatforms) = preSolution
		Debug|Any CPU = Debug|Any CPU
		Release|Any CPU = Release|Any CPU
	EndGlobalSection
	GlobalSection(ProjectConfigurationPlatforms) = postSolution
		{812B5BEF-677D-44BF-B307-D5DEA1B50FE4}.Debug|Any CPU.ActiveCfg = Debug|Any CPU
		{812B5BEF-677D-44BF-B307-D5DEA1B50FE4}.Debug|Any CPU.Build.0 = Debug|Any CPU
		{812B5BEF-677D-44BF-B307-D5DEA1B50FE4}.Release|Any CPU.ActiveCfg = Release|Any CPU
		{812B5BEF-677D-44BF-B307-D5DEA1B50FE4}.Release|Any CPU.Build.0 = Release|Any CPU
	EndGlobalSection
	GlobalSection(SolutionProperties) = preSolution
		HideSolutionNode = FALSE
	EndGlobalSection
	GlobalSection(ExtensibilityGlobals) = postSolution
		SolutionGuid = {DAF07954-B014-44E8-9DE7-212629D60899}
	EndGlobalSection
EndGlobal
