
Microsoft Visual Studio Solution File, Format Version 12.00
# Visual Studio Version 16
VisualStudioVersion = 16.0.30621.155
MinimumVisualStudioVersion = 10.0.40219.1
Project("{9A19103F-16F7-4668-BE54-9A1E7A4F7556}") = "ASP.NET", "..\Solvr.online\ASP.NET\ASP.NET.csproj", "{B228E404-D41A-4958-9E3D-EEBD1F1218D5}"
EndProject
Global
	GlobalSection(SolutionConfigurationPlatforms) = preSolution
		Debug|Any CPU = Debug|Any CPU
		Release|Any CPU = Release|Any CPU
	EndGlobalSection
	GlobalSection(ProjectConfigurationPlatforms) = postSolution
		{B228E404-D41A-4958-9E3D-EEBD1F1218D5}.Debug|Any CPU.ActiveCfg = Debug|Any CPU
		{B228E404-D41A-4958-9E3D-EEBD1F1218D5}.Debug|Any CPU.Build.0 = Debug|Any CPU
		{B228E404-D41A-4958-9E3D-EEBD1F1218D5}.Release|Any CPU.ActiveCfg = Release|Any CPU
		{B228E404-D41A-4958-9E3D-EEBD1F1218D5}.Release|Any CPU.Build.0 = Release|Any CPU
	EndGlobalSection
	GlobalSection(SolutionProperties) = preSolution
		HideSolutionNode = FALSE
	EndGlobalSection
	GlobalSection(ExtensibilityGlobals) = postSolution
		SolutionGuid = {13741756-0AF1-4E63-AF02-9A404C597AAA}
	EndGlobalSection
EndGlobal
