
Microsoft Visual Studio Solution File, Format Version 12.00
# Visual Studio Version 16
VisualStudioVersion = 16.0.30413.136
MinimumVisualStudioVersion = 10.0.40219.1
Project("{FAE04EC0-301F-11D3-BF4B-00C04F79EFBC}") = "WebApi", "WebApi\WebApi.csproj", "{D39383AB-E75E-4162-ACDC-CC52BFE5447A}"
EndProject
Project("{FAE04EC0-301F-11D3-BF4B-00C04F79EFBC}") = "WebApi.Tests", "WebApi.Tests\WebApi.Tests.csproj", "{54F281DD-732A-4EEE-8868-218F6A74C431}"
EndProject
Project("{FAE04EC0-301F-11D3-BF4B-00C04F79EFBC}") = "ModelLayer", "ModelLayer\ModelLayer.csproj", "{A32740BD-252E-49D1-ADF0-5DE538A545F9}"
EndProject
Project("{FAE04EC0-301F-11D3-BF4B-00C04F79EFBC}") = "DatabaseLayer", "DatabaseLayer\DatabaseLayer.csproj", "{6443A4AC-61D8-4FEF-89D1-C35C12FE7339}"
EndProject
Project("{FAE04EC0-301F-11D3-BF4B-00C04F79EFBC}") = "BusinessLayer", "BusinessLayer\BusinessLayer.csproj", "{F6AC879E-3FC3-4CD5-842A-1E0695261D9C}"
EndProject
Project("{FAE04EC0-301F-11D3-BF4B-00C04F79EFBC}") = "UnitTestWebApiSolution", "UnitTestWebApiSolution\UnitTestWebApiSolution.csproj", "{FC23CC8B-0405-4737-B299-F6B571F7CC43}"
EndProject
Global
	GlobalSection(SolutionConfigurationPlatforms) = preSolution
		Debug|Any CPU = Debug|Any CPU
		Release|Any CPU = Release|Any CPU
	EndGlobalSection
	GlobalSection(ProjectConfigurationPlatforms) = postSolution
		{D39383AB-E75E-4162-ACDC-CC52BFE5447A}.Debug|Any CPU.ActiveCfg = Debug|Any CPU
		{D39383AB-E75E-4162-ACDC-CC52BFE5447A}.Debug|Any CPU.Build.0 = Debug|Any CPU
		{D39383AB-E75E-4162-ACDC-CC52BFE5447A}.Release|Any CPU.ActiveCfg = Release|Any CPU
		{D39383AB-E75E-4162-ACDC-CC52BFE5447A}.Release|Any CPU.Build.0 = Release|Any CPU
		{54F281DD-732A-4EEE-8868-218F6A74C431}.Debug|Any CPU.ActiveCfg = Debug|Any CPU
		{54F281DD-732A-4EEE-8868-218F6A74C431}.Debug|Any CPU.Build.0 = Debug|Any CPU
		{54F281DD-732A-4EEE-8868-218F6A74C431}.Release|Any CPU.ActiveCfg = Release|Any CPU
		{54F281DD-732A-4EEE-8868-218F6A74C431}.Release|Any CPU.Build.0 = Release|Any CPU
		{A32740BD-252E-49D1-ADF0-5DE538A545F9}.Debug|Any CPU.ActiveCfg = Debug|Any CPU
		{A32740BD-252E-49D1-ADF0-5DE538A545F9}.Debug|Any CPU.Build.0 = Debug|Any CPU
		{A32740BD-252E-49D1-ADF0-5DE538A545F9}.Release|Any CPU.ActiveCfg = Release|Any CPU
		{A32740BD-252E-49D1-ADF0-5DE538A545F9}.Release|Any CPU.Build.0 = Release|Any CPU
		{6443A4AC-61D8-4FEF-89D1-C35C12FE7339}.Debug|Any CPU.ActiveCfg = Debug|Any CPU
		{6443A4AC-61D8-4FEF-89D1-C35C12FE7339}.Debug|Any CPU.Build.0 = Debug|Any CPU
		{6443A4AC-61D8-4FEF-89D1-C35C12FE7339}.Release|Any CPU.ActiveCfg = Release|Any CPU
		{6443A4AC-61D8-4FEF-89D1-C35C12FE7339}.Release|Any CPU.Build.0 = Release|Any CPU
		{F6AC879E-3FC3-4CD5-842A-1E0695261D9C}.Debug|Any CPU.ActiveCfg = Debug|Any CPU
		{F6AC879E-3FC3-4CD5-842A-1E0695261D9C}.Debug|Any CPU.Build.0 = Debug|Any CPU
		{F6AC879E-3FC3-4CD5-842A-1E0695261D9C}.Release|Any CPU.ActiveCfg = Release|Any CPU
		{F6AC879E-3FC3-4CD5-842A-1E0695261D9C}.Release|Any CPU.Build.0 = Release|Any CPU
		{FC23CC8B-0405-4737-B299-F6B571F7CC43}.Debug|Any CPU.ActiveCfg = Debug|Any CPU
		{FC23CC8B-0405-4737-B299-F6B571F7CC43}.Debug|Any CPU.Build.0 = Debug|Any CPU
		{FC23CC8B-0405-4737-B299-F6B571F7CC43}.Release|Any CPU.ActiveCfg = Release|Any CPU
		{FC23CC8B-0405-4737-B299-F6B571F7CC43}.Release|Any CPU.Build.0 = Release|Any CPU
	EndGlobalSection
	GlobalSection(SolutionProperties) = preSolution
		HideSolutionNode = FALSE
	EndGlobalSection
	GlobalSection(ExtensibilityGlobals) = postSolution
		SolutionGuid = {EB1CD566-9492-41D4-8E27-92D56012A960}
	EndGlobalSection
EndGlobal
