
Microsoft Visual Studio Solution File, Format Version 12.00
# Visual Studio Version 16
VisualStudioVersion = 16.0.30413.136
MinimumVisualStudioVersion = 10.0.40219.1
Project("{FAE04EC0-301F-11D3-BF4B-00C04F79EFBC}") = "DesktopClient", "DesktopClient\DesktopClient.csproj", "{52D69EA9-93AC-435E-8937-2DA09E9DE961}"
EndProject
Project("{FAE04EC0-301F-11D3-BF4B-00C04F79EFBC}") = "BusinessLayer", "BusinessLayer\BusinessLayer.csproj", "{FAF78CB3-E559-45DE-9450-CC265E06289C}"
EndProject
Project("{FAE04EC0-301F-11D3-BF4B-00C04F79EFBC}") = "ModelLayer", "ModelLayer\ModelLayer.csproj", "{BCC413E9-32F4-4A78-9A3E-98EE8B8FE72E}"
EndProject
Project("{00D1A9C2-B5F0-4AF3-8072-F6C62B433612}") = "Database", "Database\Database.sqlproj", "{38FB6621-D9E8-440F-957B-112722C9A461}"
EndProject
Project("{FAE04EC0-301F-11D3-BF4B-00C04F79EFBC}") = "DataAccessLayer", "DataAccessLayer\DataAccessLayer.csproj", "{56778648-2649-49F5-B5CA-E3A6B847C698}"
EndProject
Global
	GlobalSection(SolutionConfigurationPlatforms) = preSolution
		Debug|Any CPU = Debug|Any CPU
		Release|Any CPU = Release|Any CPU
	EndGlobalSection
	GlobalSection(ProjectConfigurationPlatforms) = postSolution
		{52D69EA9-93AC-435E-8937-2DA09E9DE961}.Debug|Any CPU.ActiveCfg = Debug|Any CPU
		{52D69EA9-93AC-435E-8937-2DA09E9DE961}.Debug|Any CPU.Build.0 = Debug|Any CPU
		{52D69EA9-93AC-435E-8937-2DA09E9DE961}.Release|Any CPU.ActiveCfg = Release|Any CPU
		{52D69EA9-93AC-435E-8937-2DA09E9DE961}.Release|Any CPU.Build.0 = Release|Any CPU
		{FAF78CB3-E559-45DE-9450-CC265E06289C}.Debug|Any CPU.ActiveCfg = Debug|Any CPU
		{FAF78CB3-E559-45DE-9450-CC265E06289C}.Debug|Any CPU.Build.0 = Debug|Any CPU
		{FAF78CB3-E559-45DE-9450-CC265E06289C}.Release|Any CPU.ActiveCfg = Release|Any CPU
		{FAF78CB3-E559-45DE-9450-CC265E06289C}.Release|Any CPU.Build.0 = Release|Any CPU
		{BCC413E9-32F4-4A78-9A3E-98EE8B8FE72E}.Debug|Any CPU.ActiveCfg = Debug|Any CPU
		{BCC413E9-32F4-4A78-9A3E-98EE8B8FE72E}.Debug|Any CPU.Build.0 = Debug|Any CPU
		{BCC413E9-32F4-4A78-9A3E-98EE8B8FE72E}.Release|Any CPU.ActiveCfg = Release|Any CPU
		{BCC413E9-32F4-4A78-9A3E-98EE8B8FE72E}.Release|Any CPU.Build.0 = Release|Any CPU
		{38FB6621-D9E8-440F-957B-112722C9A461}.Debug|Any CPU.ActiveCfg = Debug|Any CPU
		{38FB6621-D9E8-440F-957B-112722C9A461}.Debug|Any CPU.Build.0 = Debug|Any CPU
		{38FB6621-D9E8-440F-957B-112722C9A461}.Debug|Any CPU.Deploy.0 = Debug|Any CPU
		{38FB6621-D9E8-440F-957B-112722C9A461}.Release|Any CPU.ActiveCfg = Release|Any CPU
		{38FB6621-D9E8-440F-957B-112722C9A461}.Release|Any CPU.Build.0 = Release|Any CPU
		{38FB6621-D9E8-440F-957B-112722C9A461}.Release|Any CPU.Deploy.0 = Release|Any CPU
		{56778648-2649-49F5-B5CA-E3A6B847C698}.Debug|Any CPU.ActiveCfg = Debug|Any CPU
		{56778648-2649-49F5-B5CA-E3A6B847C698}.Debug|Any CPU.Build.0 = Debug|Any CPU
		{56778648-2649-49F5-B5CA-E3A6B847C698}.Release|Any CPU.ActiveCfg = Release|Any CPU
		{56778648-2649-49F5-B5CA-E3A6B847C698}.Release|Any CPU.Build.0 = Release|Any CPU
	EndGlobalSection
	GlobalSection(SolutionProperties) = preSolution
		HideSolutionNode = FALSE
	EndGlobalSection
	GlobalSection(ExtensibilityGlobals) = postSolution
		SolutionGuid = {99C1E9C8-A63B-4276-B239-7515BC44CC51}
	EndGlobalSection
EndGlobal
