
Microsoft Visual Studio Solution File, Format Version 12.00
# Visual Studio Version 16
VisualStudioVersion = 16.0.30413.136
MinimumVisualStudioVersion = 10.0.40219.1
Project("{FAE04EC0-301F-11D3-BF4B-00C04F79EFBC}") = "DesktopClient", "DesktopClient\DesktopClient.csproj", "{52D69EA9-93AC-435E-8937-2DA09E9DE961}"
EndProject
Project("{FAE04EC0-301F-11D3-BF4B-00C04F79EFBC}") = "BusinessLayer", "BusinessLayer\BusinessLayer.csproj", "{FAF78CB3-E559-45DE-9450-CC265E06289C}"
EndProject
Project("{FAE04EC0-301F-11D3-BF4B-00C04F79EFBC}") = "ModelLayer", "ModelLayer\ModelLayer.csproj", "{BCC413E9-32F4-4A78-9A3E-98EE8B8FE72E}"
EndProject
Project("{FAE04EC0-301F-11D3-BF4B-00C04F79EFBC}") = "WebApplication", "WebApplication\WebApplication.csproj", "{F0BC23C4-1B37-4122-8A13-FB1F679CC7EA}"
EndProject
Project("{FAE04EC0-301F-11D3-BF4B-00C04F79EFBC}") = "DataAccessLayer", "DataAccessLayer\DataAccessLayer.csproj", "{27E83154-15BF-4819-8528-C3586B14D2DC}"
EndProject
Project("{00D1A9C2-B5F0-4AF3-8072-F6C62B433612}") = "Database", "Database\Database.sqlproj", "{2B798158-9435-4909-8038-EA8B100D480C}"
EndProject
Project("{FAE04EC0-301F-11D3-BF4B-00C04F79EFBC}") = "RESTApi", "RESTApi\RESTApi.csproj", "{B4D49084-AFF2-4C16-8217-2D5A0E84C9B8}"
EndProject
Global
	GlobalSection(SolutionConfigurationPlatforms) = preSolution
		Debug|Any CPU = Debug|Any CPU
		Release|Any CPU = Release|Any CPU
	EndGlobalSection
	GlobalSection(ProjectConfigurationPlatforms) = postSolution
		{52D69EA9-93AC-435E-8937-2DA09E9DE961}.Debug|Any CPU.ActiveCfg = Debug|Any CPU
		{52D69EA9-93AC-435E-8937-2DA09E9DE961}.Debug|Any CPU.Build.0 = Debug|Any CPU
		{52D69EA9-93AC-435E-8937-2DA09E9DE961}.Release|Any CPU.ActiveCfg = Release|Any CPU
		{52D69EA9-93AC-435E-8937-2DA09E9DE961}.Release|Any CPU.Build.0 = Release|Any CPU
		{FAF78CB3-E559-45DE-9450-CC265E06289C}.Debug|Any CPU.ActiveCfg = Debug|Any CPU
		{FAF78CB3-E559-45DE-9450-CC265E06289C}.Debug|Any CPU.Build.0 = Debug|Any CPU
		{FAF78CB3-E559-45DE-9450-CC265E06289C}.Release|Any CPU.ActiveCfg = Release|Any CPU
		{FAF78CB3-E559-45DE-9450-CC265E06289C}.Release|Any CPU.Build.0 = Release|Any CPU
		{BCC413E9-32F4-4A78-9A3E-98EE8B8FE72E}.Debug|Any CPU.ActiveCfg = Debug|Any CPU
		{BCC413E9-32F4-4A78-9A3E-98EE8B8FE72E}.Debug|Any CPU.Build.0 = Debug|Any CPU
		{BCC413E9-32F4-4A78-9A3E-98EE8B8FE72E}.Release|Any CPU.ActiveCfg = Release|Any CPU
		{BCC413E9-32F4-4A78-9A3E-98EE8B8FE72E}.Release|Any CPU.Build.0 = Release|Any CPU
		{F0BC23C4-1B37-4122-8A13-FB1F679CC7EA}.Debug|Any CPU.ActiveCfg = Debug|Any CPU
		{F0BC23C4-1B37-4122-8A13-FB1F679CC7EA}.Debug|Any CPU.Build.0 = Debug|Any CPU
		{F0BC23C4-1B37-4122-8A13-FB1F679CC7EA}.Release|Any CPU.ActiveCfg = Release|Any CPU
		{F0BC23C4-1B37-4122-8A13-FB1F679CC7EA}.Release|Any CPU.Build.0 = Release|Any CPU
		{27E83154-15BF-4819-8528-C3586B14D2DC}.Debug|Any CPU.ActiveCfg = Debug|Any CPU
		{27E83154-15BF-4819-8528-C3586B14D2DC}.Debug|Any CPU.Build.0 = Debug|Any CPU
		{27E83154-15BF-4819-8528-C3586B14D2DC}.Release|Any CPU.ActiveCfg = Release|Any CPU
		{27E83154-15BF-4819-8528-C3586B14D2DC}.Release|Any CPU.Build.0 = Release|Any CPU
		{2B798158-9435-4909-8038-EA8B100D480C}.Debug|Any CPU.ActiveCfg = Debug|Any CPU
		{2B798158-9435-4909-8038-EA8B100D480C}.Debug|Any CPU.Build.0 = Debug|Any CPU
		{2B798158-9435-4909-8038-EA8B100D480C}.Debug|Any CPU.Deploy.0 = Debug|Any CPU
		{2B798158-9435-4909-8038-EA8B100D480C}.Release|Any CPU.ActiveCfg = Release|Any CPU
		{2B798158-9435-4909-8038-EA8B100D480C}.Release|Any CPU.Build.0 = Release|Any CPU
		{2B798158-9435-4909-8038-EA8B100D480C}.Release|Any CPU.Deploy.0 = Release|Any CPU
		{B4D49084-AFF2-4C16-8217-2D5A0E84C9B8}.Debug|Any CPU.ActiveCfg = Debug|Any CPU
		{B4D49084-AFF2-4C16-8217-2D5A0E84C9B8}.Debug|Any CPU.Build.0 = Debug|Any CPU
		{B4D49084-AFF2-4C16-8217-2D5A0E84C9B8}.Release|Any CPU.ActiveCfg = Release|Any CPU
		{B4D49084-AFF2-4C16-8217-2D5A0E84C9B8}.Release|Any CPU.Build.0 = Release|Any CPU
	EndGlobalSection
	GlobalSection(SolutionProperties) = preSolution
		HideSolutionNode = FALSE
	EndGlobalSection
	GlobalSection(ExtensibilityGlobals) = postSolution
		SolutionGuid = {99C1E9C8-A63B-4276-B239-7515BC44CC51}
	EndGlobalSection
EndGlobal
